
Microsoft Visual Studio Solution File, Format Version 12.00
# Visual Studio Version 17
VisualStudioVersion = 17.9.34701.34
MinimumVisualStudioVersion = 10.0.40219.1
Project("{2150E333-8FDC-42A3-9474-1A3956D46DE8}") = "Microservices", "Microservices", "{E20AD584-AAAF-4507-910C-65064DE83F6E}"
EndProject
Project("{2150E333-8FDC-42A3-9474-1A3956D46DE8}") = "Domain", "Domain", "{1A0C8456-3CD1-4A5A-89E8-6A07E4B5B7C5}"
EndProject
Project("{2150E333-8FDC-42A3-9474-1A3956D46DE8}") = "Infra.Bus", "Infra.Bus", "{187EF9A7-AB39-423C-879C-88D90FB5B246}"
EndProject
Project("{2150E333-8FDC-42A3-9474-1A3956D46DE8}") = "Infra.Ioc", "Infra.Ioc", "{E1C31990-34CA-4776-971D-3B7815980027}"
EndProject
Project("{2150E333-8FDC-42A3-9474-1A3956D46DE8}") = "Presentation", "Presentation", "{A4028A74-756F-4804-8419-0280FBF9905C}"
EndProject
Project("{9A19103F-16F7-4668-BE54-9A1E7A4F7556}") = "MicroRabbit.Domain.Core", "MicroRabbit.Domain.Core\MicroRabbit.Domain.Core.csproj", "{85AC148A-DA71-4CA4-9378-06428A97F4C5}"
EndProject
Project("{9A19103F-16F7-4668-BE54-9A1E7A4F7556}") = "MicroRabbit.Infra.Bus", "MicroRabbit.Infra.Bus\MicroRabbit.Infra.Bus.csproj", "{848BB385-ABA6-4967-B809-0BEBA7E2862D}"
EndProject
Project("{9A19103F-16F7-4668-BE54-9A1E7A4F7556}") = "MicroRabbit.Infra.IoC", "MicroRabbit.Infra.IoC\MicroRabbit.Infra.IoC.csproj", "{F12A5AA6-5E82-47AB-98F3-4223C8420B1E}"
EndProject
Project("{2150E333-8FDC-42A3-9474-1A3956D46DE8}") = "Banking", "Banking", "{F2685B1F-A397-4645-9A5D-80E13C705639}"
EndProject
Project("{2150E333-8FDC-42A3-9474-1A3956D46DE8}") = "Api", "Api", "{A9961AA7-CDAC-41D8-9440-529CB0322CF1}"
EndProject
Project("{2150E333-8FDC-42A3-9474-1A3956D46DE8}") = "Domain", "Domain", "{3F8C44FF-BFA7-4874-941B-D590716AFED5}"
EndProject
Project("{2150E333-8FDC-42A3-9474-1A3956D46DE8}") = "Application", "Application", "{1E0A8C0E-508F-480E-B5E7-C0B424CA0D2F}"
EndProject
Project("{2150E333-8FDC-42A3-9474-1A3956D46DE8}") = "Data", "Data", "{786C546D-746B-4AEF-99F0-15D682E09109}"
EndProject
Project("{9A19103F-16F7-4668-BE54-9A1E7A4F7556}") = "MicroRabbit.Banking.Api", "MicroRabbit.Banking.Api\MicroRabbit.Banking.Api.csproj", "{0D04B04F-7C35-4604-B008-F3E55E4AD378}"
EndProject
Project("{9A19103F-16F7-4668-BE54-9A1E7A4F7556}") = "MicroRabbit.Banking.Application", "MicroRabbit.Banking.Application\MicroRabbit.Banking.Application.csproj", "{C06AB3EA-3984-4359-A27E-7E5195DBC2EB}"
EndProject
Project("{9A19103F-16F7-4668-BE54-9A1E7A4F7556}") = "MicroRabbit.Banking.Data", "MicroRabbit.Banking.Data\MicroRabbit.Banking.Data.csproj", "{1572C6F6-C171-47FA-AF84-70BE21363EEE}"
EndProject
Project("{9A19103F-16F7-4668-BE54-9A1E7A4F7556}") = "MicroRabbit.Banking.Domain", "MicroRabbit.Banking.Domain\MicroRabbit.Banking.Domain.csproj", "{2735AB24-D25B-4B0A-AA5A-9C8BB21F1A16}"
EndProject
Project("{2150E333-8FDC-42A3-9474-1A3956D46DE8}") = "Transfer", "Transfer", "{C4070B90-A7A5-4085-84B4-6A92B818C832}"
EndProject
Project("{2150E333-8FDC-42A3-9474-1A3956D46DE8}") = "Api", "Api", "{A5C5FE62-AF37-43A4-925B-2328063F4A47}"
EndProject
Project("{2150E333-8FDC-42A3-9474-1A3956D46DE8}") = "Data", "Data", "{96BE30AC-AA72-499F-BBA6-EF4C3AD30E5E}"
EndProject
Project("{2150E333-8FDC-42A3-9474-1A3956D46DE8}") = "Application", "Application", "{D2819505-7BD3-4742-91C9-E28877E36C69}"
EndProject
Project("{2150E333-8FDC-42A3-9474-1A3956D46DE8}") = "Domain", "Domain", "{8DC5C4C0-2F3A-414E-ADA5-43E355F4738E}"
EndProject
Project("{9A19103F-16F7-4668-BE54-9A1E7A4F7556}") = "MicroRabbit.Transfer.Api", "MicroRabbit.Transfer.Api\MicroRabbit.Transfer.Api.csproj", "{891DCAB5-D2F3-4E16-A7FD-28FBC5AFCB57}"
EndProject
Project("{9A19103F-16F7-4668-BE54-9A1E7A4F7556}") = "MicroRabbit.Transfer.Application", "MicroRabbit.Transfer.Application\MicroRabbit.Transfer.Application.csproj", "{F56FDAA9-FAAE-497B-87A4-997887BC5DC4}"
EndProject
Project("{9A19103F-16F7-4668-BE54-9A1E7A4F7556}") = "MicroRabbit.Transfer.Domain", "MicroRabbit.Transfer.Domain\MicroRabbit.Transfer.Domain.csproj", "{78B4423D-DE73-494D-BD1B-C327E2FEC2D2}"
EndProject
Project("{9A19103F-16F7-4668-BE54-9A1E7A4F7556}") = "MicroRabbit.Transfer.Data", "MicroRabbit.Transfer.Data\MicroRabbit.Transfer.Data.csproj", "{A5A43D43-1869-496C-9FFB-5D6E3310B2AC}"
EndProject
Project("{FAE04EC0-301F-11D3-BF4B-00C04F79EFBC}") = "MicroRabbit.MVC", "MicroRabbit.MVC\MicroRabbit.MVC.csproj", "{790DE65A-EA5C-4925-8961-A31188730275}"
EndProject
Global
	GlobalSection(SolutionConfigurationPlatforms) = preSolution
		Debug|Any CPU = Debug|Any CPU
		Release|Any CPU = Release|Any CPU
	EndGlobalSection
	GlobalSection(ProjectConfigurationPlatforms) = postSolution
		{85AC148A-DA71-4CA4-9378-06428A97F4C5}.Debug|Any CPU.ActiveCfg = Debug|Any CPU
		{85AC148A-DA71-4CA4-9378-06428A97F4C5}.Debug|Any CPU.Build.0 = Debug|Any CPU
		{85AC148A-DA71-4CA4-9378-06428A97F4C5}.Release|Any CPU.ActiveCfg = Release|Any CPU
		{85AC148A-DA71-4CA4-9378-06428A97F4C5}.Release|Any CPU.Build.0 = Release|Any CPU
		{848BB385-ABA6-4967-B809-0BEBA7E2862D}.Debug|Any CPU.ActiveCfg = Debug|Any CPU
		{848BB385-ABA6-4967-B809-0BEBA7E2862D}.Debug|Any CPU.Build.0 = Debug|Any CPU
		{848BB385-ABA6-4967-B809-0BEBA7E2862D}.Release|Any CPU.ActiveCfg = Release|Any CPU
		{848BB385-ABA6-4967-B809-0BEBA7E2862D}.Release|Any CPU.Build.0 = Release|Any CPU
		{F12A5AA6-5E82-47AB-98F3-4223C8420B1E}.Debug|Any CPU.ActiveCfg = Debug|Any CPU
		{F12A5AA6-5E82-47AB-98F3-4223C8420B1E}.Debug|Any CPU.Build.0 = Debug|Any CPU
		{F12A5AA6-5E82-47AB-98F3-4223C8420B1E}.Release|Any CPU.ActiveCfg = Release|Any CPU
		{F12A5AA6-5E82-47AB-98F3-4223C8420B1E}.Release|Any CPU.Build.0 = Release|Any CPU
		{0D04B04F-7C35-4604-B008-F3E55E4AD378}.Debug|Any CPU.ActiveCfg = Debug|Any CPU
		{0D04B04F-7C35-4604-B008-F3E55E4AD378}.Debug|Any CPU.Build.0 = Debug|Any CPU
		{0D04B04F-7C35-4604-B008-F3E55E4AD378}.Release|Any CPU.ActiveCfg = Release|Any CPU
		{0D04B04F-7C35-4604-B008-F3E55E4AD378}.Release|Any CPU.Build.0 = Release|Any CPU
		{C06AB3EA-3984-4359-A27E-7E5195DBC2EB}.Debug|Any CPU.ActiveCfg = Debug|Any CPU
		{C06AB3EA-3984-4359-A27E-7E5195DBC2EB}.Debug|Any CPU.Build.0 = Debug|Any CPU
		{C06AB3EA-3984-4359-A27E-7E5195DBC2EB}.Release|Any CPU.ActiveCfg = Release|Any CPU
		{C06AB3EA-3984-4359-A27E-7E5195DBC2EB}.Release|Any CPU.Build.0 = Release|Any CPU
		{1572C6F6-C171-47FA-AF84-70BE21363EEE}.Debug|Any CPU.ActiveCfg = Debug|Any CPU
		{1572C6F6-C171-47FA-AF84-70BE21363EEE}.Debug|Any CPU.Build.0 = Debug|Any CPU
		{1572C6F6-C171-47FA-AF84-70BE21363EEE}.Release|Any CPU.ActiveCfg = Release|Any CPU
		{1572C6F6-C171-47FA-AF84-70BE21363EEE}.Release|Any CPU.Build.0 = Release|Any CPU
		{2735AB24-D25B-4B0A-AA5A-9C8BB21F1A16}.Debug|Any CPU.ActiveCfg = Debug|Any CPU
		{2735AB24-D25B-4B0A-AA5A-9C8BB21F1A16}.Debug|Any CPU.Build.0 = Debug|Any CPU
		{2735AB24-D25B-4B0A-AA5A-9C8BB21F1A16}.Release|Any CPU.ActiveCfg = Release|Any CPU
		{2735AB24-D25B-4B0A-AA5A-9C8BB21F1A16}.Release|Any CPU.Build.0 = Release|Any CPU
		{891DCAB5-D2F3-4E16-A7FD-28FBC5AFCB57}.Debug|Any CPU.ActiveCfg = Debug|Any CPU
		{891DCAB5-D2F3-4E16-A7FD-28FBC5AFCB57}.Debug|Any CPU.Build.0 = Debug|Any CPU
		{891DCAB5-D2F3-4E16-A7FD-28FBC5AFCB57}.Release|Any CPU.ActiveCfg = Release|Any CPU
		{891DCAB5-D2F3-4E16-A7FD-28FBC5AFCB57}.Release|Any CPU.Build.0 = Release|Any CPU
		{F56FDAA9-FAAE-497B-87A4-997887BC5DC4}.Debug|Any CPU.ActiveCfg = Debug|Any CPU
		{F56FDAA9-FAAE-497B-87A4-997887BC5DC4}.Debug|Any CPU.Build.0 = Debug|Any CPU
		{F56FDAA9-FAAE-497B-87A4-997887BC5DC4}.Release|Any CPU.ActiveCfg = Release|Any CPU
		{F56FDAA9-FAAE-497B-87A4-997887BC5DC4}.Release|Any CPU.Build.0 = Release|Any CPU
		{78B4423D-DE73-494D-BD1B-C327E2FEC2D2}.Debug|Any CPU.ActiveCfg = Debug|Any CPU
		{78B4423D-DE73-494D-BD1B-C327E2FEC2D2}.Debug|Any CPU.Build.0 = Debug|Any CPU
		{78B4423D-DE73-494D-BD1B-C327E2FEC2D2}.Release|Any CPU.ActiveCfg = Release|Any CPU
		{78B4423D-DE73-494D-BD1B-C327E2FEC2D2}.Release|Any CPU.Build.0 = Release|Any CPU
		{A5A43D43-1869-496C-9FFB-5D6E3310B2AC}.Debug|Any CPU.ActiveCfg = Debug|Any CPU
		{A5A43D43-1869-496C-9FFB-5D6E3310B2AC}.Debug|Any CPU.Build.0 = Debug|Any CPU
		{A5A43D43-1869-496C-9FFB-5D6E3310B2AC}.Release|Any CPU.ActiveCfg = Release|Any CPU
		{A5A43D43-1869-496C-9FFB-5D6E3310B2AC}.Release|Any CPU.Build.0 = Release|Any CPU
		{790DE65A-EA5C-4925-8961-A31188730275}.Debug|Any CPU.ActiveCfg = Debug|Any CPU
		{790DE65A-EA5C-4925-8961-A31188730275}.Debug|Any CPU.Build.0 = Debug|Any CPU
		{790DE65A-EA5C-4925-8961-A31188730275}.Release|Any CPU.ActiveCfg = Release|Any CPU
		{790DE65A-EA5C-4925-8961-A31188730275}.Release|Any CPU.Build.0 = Release|Any CPU
	EndGlobalSection
	GlobalSection(SolutionProperties) = preSolution
		HideSolutionNode = FALSE
	EndGlobalSection
	GlobalSection(NestedProjects) = preSolution
		{85AC148A-DA71-4CA4-9378-06428A97F4C5} = {1A0C8456-3CD1-4A5A-89E8-6A07E4B5B7C5}
		{848BB385-ABA6-4967-B809-0BEBA7E2862D} = {187EF9A7-AB39-423C-879C-88D90FB5B246}
		{F12A5AA6-5E82-47AB-98F3-4223C8420B1E} = {E1C31990-34CA-4776-971D-3B7815980027}
		{F2685B1F-A397-4645-9A5D-80E13C705639} = {E20AD584-AAAF-4507-910C-65064DE83F6E}
		{A9961AA7-CDAC-41D8-9440-529CB0322CF1} = {F2685B1F-A397-4645-9A5D-80E13C705639}
		{3F8C44FF-BFA7-4874-941B-D590716AFED5} = {F2685B1F-A397-4645-9A5D-80E13C705639}
		{1E0A8C0E-508F-480E-B5E7-C0B424CA0D2F} = {F2685B1F-A397-4645-9A5D-80E13C705639}
		{786C546D-746B-4AEF-99F0-15D682E09109} = {F2685B1F-A397-4645-9A5D-80E13C705639}
		{0D04B04F-7C35-4604-B008-F3E55E4AD378} = {A9961AA7-CDAC-41D8-9440-529CB0322CF1}
		{C06AB3EA-3984-4359-A27E-7E5195DBC2EB} = {1E0A8C0E-508F-480E-B5E7-C0B424CA0D2F}
		{1572C6F6-C171-47FA-AF84-70BE21363EEE} = {786C546D-746B-4AEF-99F0-15D682E09109}
		{2735AB24-D25B-4B0A-AA5A-9C8BB21F1A16} = {3F8C44FF-BFA7-4874-941B-D590716AFED5}
		{C4070B90-A7A5-4085-84B4-6A92B818C832} = {E20AD584-AAAF-4507-910C-65064DE83F6E}
		{A5C5FE62-AF37-43A4-925B-2328063F4A47} = {C4070B90-A7A5-4085-84B4-6A92B818C832}
		{96BE30AC-AA72-499F-BBA6-EF4C3AD30E5E} = {C4070B90-A7A5-4085-84B4-6A92B818C832}
		{D2819505-7BD3-4742-91C9-E28877E36C69} = {C4070B90-A7A5-4085-84B4-6A92B818C832}
		{8DC5C4C0-2F3A-414E-ADA5-43E355F4738E} = {C4070B90-A7A5-4085-84B4-6A92B818C832}
		{891DCAB5-D2F3-4E16-A7FD-28FBC5AFCB57} = {A5C5FE62-AF37-43A4-925B-2328063F4A47}
		{F56FDAA9-FAAE-497B-87A4-997887BC5DC4} = {D2819505-7BD3-4742-91C9-E28877E36C69}
		{78B4423D-DE73-494D-BD1B-C327E2FEC2D2} = {8DC5C4C0-2F3A-414E-ADA5-43E355F4738E}
		{A5A43D43-1869-496C-9FFB-5D6E3310B2AC} = {96BE30AC-AA72-499F-BBA6-EF4C3AD30E5E}
		{790DE65A-EA5C-4925-8961-A31188730275} = {A4028A74-756F-4804-8419-0280FBF9905C}
	EndGlobalSection
	GlobalSection(ExtensibilityGlobals) = postSolution
		SolutionGuid = {7EE62DC3-82C4-457B-BE88-DE76BA9EB57C}
	EndGlobalSection
EndGlobal
