
Microsoft Visual Studio Solution File, Format Version 12.00
# Visual Studio Version 17
VisualStudioVersion = 17.9.34701.34
MinimumVisualStudioVersion = 10.0.40219.1
Project("{2150E333-8FDC-42A3-9474-1A3956D46DE8}") = "Microservices", "Microservices", "{E20AD584-AAAF-4507-910C-65064DE83F6E}"
EndProject
Project("{2150E333-8FDC-42A3-9474-1A3956D46DE8}") = "Domain", "Domain", "{1A0C8456-3CD1-4A5A-89E8-6A07E4B5B7C5}"
EndProject
Project("{2150E333-8FDC-42A3-9474-1A3956D46DE8}") = "Infra.Bus", "Infra.Bus", "{187EF9A7-AB39-423C-879C-88D90FB5B246}"
EndProject
Project("{2150E333-8FDC-42A3-9474-1A3956D46DE8}") = "Infra.Ioc", "Infra.Ioc", "{E1C31990-34CA-4776-971D-3B7815980027}"
EndProject
Project("{2150E333-8FDC-42A3-9474-1A3956D46DE8}") = "Presentation", "Presentation", "{A4028A74-756F-4804-8419-0280FBF9905C}"
EndProject
Project("{FAE04EC0-301F-11D3-BF4B-00C04F79EFBC}") = "MicroRabbit.Domain.Core", "MicroRabbit.Domain.Core\MicroRabbit.Domain.Core.csproj", "{85AC148A-DA71-4CA4-9378-06428A97F4C5}"
EndProject
Project("{FAE04EC0-301F-11D3-BF4B-00C04F79EFBC}") = "MicroRabbit.Infra.Bus", "MicroRabbit.Infra.Bus\MicroRabbit.Infra.Bus.csproj", "{848BB385-ABA6-4967-B809-0BEBA7E2862D}"
EndProject
Project("{FAE04EC0-301F-11D3-BF4B-00C04F79EFBC}") = "MicroRabbit.Infra.IoC", "MicroRabbit.Infra.IoC\MicroRabbit.Infra.IoC.csproj", "{F12A5AA6-5E82-47AB-98F3-4223C8420B1E}"
EndProject
Global
	GlobalSection(SolutionConfigurationPlatforms) = preSolution
		Debug|Any CPU = Debug|Any CPU
		Release|Any CPU = Release|Any CPU
	EndGlobalSection
	GlobalSection(ProjectConfigurationPlatforms) = postSolution
		{85AC148A-DA71-4CA4-9378-06428A97F4C5}.Debug|Any CPU.ActiveCfg = Debug|Any CPU
		{85AC148A-DA71-4CA4-9378-06428A97F4C5}.Debug|Any CPU.Build.0 = Debug|Any CPU
		{85AC148A-DA71-4CA4-9378-06428A97F4C5}.Release|Any CPU.ActiveCfg = Release|Any CPU
		{85AC148A-DA71-4CA4-9378-06428A97F4C5}.Release|Any CPU.Build.0 = Release|Any CPU
		{848BB385-ABA6-4967-B809-0BEBA7E2862D}.Debug|Any CPU.ActiveCfg = Debug|Any CPU
		{848BB385-ABA6-4967-B809-0BEBA7E2862D}.Debug|Any CPU.Build.0 = Debug|Any CPU
		{848BB385-ABA6-4967-B809-0BEBA7E2862D}.Release|Any CPU.ActiveCfg = Release|Any CPU
		{848BB385-ABA6-4967-B809-0BEBA7E2862D}.Release|Any CPU.Build.0 = Release|Any CPU
		{F12A5AA6-5E82-47AB-98F3-4223C8420B1E}.Debug|Any CPU.ActiveCfg = Debug|Any CPU
		{F12A5AA6-5E82-47AB-98F3-4223C8420B1E}.Debug|Any CPU.Build.0 = Debug|Any CPU
		{F12A5AA6-5E82-47AB-98F3-4223C8420B1E}.Release|Any CPU.ActiveCfg = Release|Any CPU
		{F12A5AA6-5E82-47AB-98F3-4223C8420B1E}.Release|Any CPU.Build.0 = Release|Any CPU
	EndGlobalSection
	GlobalSection(SolutionProperties) = preSolution
		HideSolutionNode = FALSE
	EndGlobalSection
	GlobalSection(NestedProjects) = preSolution
		{85AC148A-DA71-4CA4-9378-06428A97F4C5} = {1A0C8456-3CD1-4A5A-89E8-6A07E4B5B7C5}
		{848BB385-ABA6-4967-B809-0BEBA7E2862D} = {187EF9A7-AB39-423C-879C-88D90FB5B246}
		{F12A5AA6-5E82-47AB-98F3-4223C8420B1E} = {E1C31990-34CA-4776-971D-3B7815980027}
	EndGlobalSection
	GlobalSection(ExtensibilityGlobals) = postSolution
		SolutionGuid = {7EE62DC3-82C4-457B-BE88-DE76BA9EB57C}
	EndGlobalSection
EndGlobal
